
Microsoft Visual Studio Solution File, Format Version 12.00
# Visual Studio 2013
VisualStudioVersion = 12.0.30501.0
MinimumVisualStudioVersion = 10.0.40219.1
Project("{8BC9CEB8-8B4A-11D0-8D11-00A0C91BC942}") = "Project3", "Project3\Project3.vcxproj", "{9A03A0B6-D0CB-480C-8999-B7C4653F6545}"
EndProject
Global
	GlobalSection(SolutionConfigurationPlatforms) = preSolution
		Debug|Win32 = Debug|Win32
		Release|Win32 = Release|Win32
	EndGlobalSection
	GlobalSection(ProjectConfigurationPlatforms) = postSolution
		{9A03A0B6-D0CB-480C-8999-B7C4653F6545}.Debug|Win32.ActiveCfg = Debug|Win32
		{9A03A0B6-D0CB-480C-8999-B7C4653F6545}.Debug|Win32.Build.0 = Debug|Win32
		{9A03A0B6-D0CB-480C-8999-B7C4653F6545}.Release|Win32.ActiveCfg = Release|Win32
		{9A03A0B6-D0CB-480C-8999-B7C4653F6545}.Release|Win32.Build.0 = Release|Win32
	EndGlobalSection
	GlobalSection(SolutionProperties) = preSolution
		HideSolutionNode = FALSE
	EndGlobalSection
EndGlobal
